github.com/ahmetb/govvv v0.3.0/go.mod h1:4WRFpdWtc/YtKgPFwa1dr5+9hiRY5uKAL08bOlxOR6s=
github.com/atrico-go/core v0.0.0-20201130111031-ea10eb1e3448 h1:f6DqhuDlny0VwNjUwj3FZTUVQdP9zk4MvWiGKmWOuog=
github.com/atrico-go/core v0.0.0-20201130111031-ea10eb1e3448/go.mod h1:sIObjuDFDQLMYE1N39JhMJcq8dD1DF26mk1nM680E0g=
github.com/atrico-go/testing v0.4.4 h1:4Ben0MnTImQOFKpWfBhcFntnmsF/pQx6CFXHGqTCAmk=
github.com/atrico-go/testing v0.4.4/go.mod h1:tkIj9492kvx9sAkf0US+d360wdwYTN9TEIVOqE1f2a8=
